{
  "originHash" : "9654de2e5743099c951494618951bb0c894561a03645aee4df3bef1122172f21",
  "pins" : [
    {
      "identity" : "purchases-ios-spm",
      "kind" : "remoteSourceControl",
      "location" : "https://github.com/RevenueCat/purchases-ios-spm.git",
      "state" : {
        "revision" : "d654b8b85143c29e5bb73d0ff92f5f5766fbbedc",
        "version" : "5.91.0"
      }
    },
    {
      "identity" : "spindicator",
      "kind" : "remoteSourceControl",
      "location" : "https://github.com/ivanvorobei/SPIndicator.git",
      "state" : {
        "revision" : "e8a045f91757b32bb29c6feff1644ef79c8daedf",
        "version" : "1.6.5"
      }
    }
  ],
  "version" : 3
}
